
Microsoft Visual Studio Solution File, Format Version 12.00
# Visual Studio 15
VisualStudioVersion = 15.0.28307.168
MinimumVisualStudioVersion = 10.0.40219.1
Project("{FAE04EC0-301F-11D3-BF4B-00C04F79EFBC}") = "Snake", "Week6\Snake.csproj", "{26EDD703-1198-417A-AED3-39D2A7629A10}"
EndProject
Global
	GlobalSection(SolutionConfigurationPlatforms) = preSolution
		Debug|Any CPU = Debug|Any CPU
		Release|Any CPU = Release|Any CPU
	EndGlobalSection
	GlobalSection(ProjectConfigurationPlatforms) = postSolution
		{26EDD703-1198-417A-AED3-39D2A7629A10}.Debug|Any CPU.ActiveCfg = Debug|Any CPU
		{26EDD703-1198-417A-AED3-39D2A7629A10}.Debug|Any CPU.Build.0 = Debug|Any CPU
		{26EDD703-1198-417A-AED3-39D2A7629A10}.Release|Any CPU.ActiveCfg = Release|Any CPU
		{26EDD703-1198-417A-AED3-39D2A7629A10}.Release|Any CPU.Build.0 = Release|Any CPU
	EndGlobalSection
	GlobalSection(SolutionProperties) = preSolution
		HideSolutionNode = FALSE
	EndGlobalSection
	GlobalSection(ExtensibilityGlobals) = postSolution
		SolutionGuid = {DCD0B498-FB35-4518-A743-6CE335981A1F}
	EndGlobalSection
EndGlobal
