
Microsoft Visual Studio Solution File, Format Version 12.00
# Visual Studio 15
VisualStudioVersion = 15.0.28307.168
MinimumVisualStudioVersion = 10.0.40219.1
Project("{FAE04EC0-301F-11D3-BF4B-00C04F79EFBC}") = "Task1", "Task1\Task1.csproj", "{27FCB6D1-AD20-42A4-8BB4-D428513F3F7E}"
EndProject
Project("{FAE04EC0-301F-11D3-BF4B-00C04F79EFBC}") = "Task2", "Task2\Task2.csproj", "{8D1D293B-4287-40C4-B306-0D5F0538A97A}"
EndProject
Project("{FAE04EC0-301F-11D3-BF4B-00C04F79EFBC}") = "Task3", "Task3\Task3.csproj", "{FD5771B7-A289-4E34-8476-44A952541FB4}"
EndProject
Project("{FAE04EC0-301F-11D3-BF4B-00C04F79EFBC}") = "Task4", "Task4\Task4.csproj", "{80894D1E-51A1-4AB9-BE1F-A6BDDDE8BACA}"
EndProject
Global
	GlobalSection(SolutionConfigurationPlatforms) = preSolution
		Debug|Any CPU = Debug|Any CPU
		Release|Any CPU = Release|Any CPU
	EndGlobalSection
	GlobalSection(ProjectConfigurationPlatforms) = postSolution
		{27FCB6D1-AD20-42A4-8BB4-D428513F3F7E}.Debug|Any CPU.ActiveCfg = Debug|Any CPU
		{27FCB6D1-AD20-42A4-8BB4-D428513F3F7E}.Debug|Any CPU.Build.0 = Debug|Any CPU
		{27FCB6D1-AD20-42A4-8BB4-D428513F3F7E}.Release|Any CPU.ActiveCfg = Release|Any CPU
		{27FCB6D1-AD20-42A4-8BB4-D428513F3F7E}.Release|Any CPU.Build.0 = Release|Any CPU
		{8D1D293B-4287-40C4-B306-0D5F0538A97A}.Debug|Any CPU.ActiveCfg = Debug|Any CPU
		{8D1D293B-4287-40C4-B306-0D5F0538A97A}.Debug|Any CPU.Build.0 = Debug|Any CPU
		{8D1D293B-4287-40C4-B306-0D5F0538A97A}.Release|Any CPU.ActiveCfg = Release|Any CPU
		{8D1D293B-4287-40C4-B306-0D5F0538A97A}.Release|Any CPU.Build.0 = Release|Any CPU
		{FD5771B7-A289-4E34-8476-44A952541FB4}.Debug|Any CPU.ActiveCfg = Debug|Any CPU
		{FD5771B7-A289-4E34-8476-44A952541FB4}.Debug|Any CPU.Build.0 = Debug|Any CPU
		{FD5771B7-A289-4E34-8476-44A952541FB4}.Release|Any CPU.ActiveCfg = Release|Any CPU
		{FD5771B7-A289-4E34-8476-44A952541FB4}.Release|Any CPU.Build.0 = Release|Any CPU
		{80894D1E-51A1-4AB9-BE1F-A6BDDDE8BACA}.Debug|Any CPU.ActiveCfg = Debug|Any CPU
		{80894D1E-51A1-4AB9-BE1F-A6BDDDE8BACA}.Debug|Any CPU.Build.0 = Debug|Any CPU
		{80894D1E-51A1-4AB9-BE1F-A6BDDDE8BACA}.Release|Any CPU.ActiveCfg = Release|Any CPU
		{80894D1E-51A1-4AB9-BE1F-A6BDDDE8BACA}.Release|Any CPU.Build.0 = Release|Any CPU
	EndGlobalSection
	GlobalSection(SolutionProperties) = preSolution
		HideSolutionNode = FALSE
	EndGlobalSection
	GlobalSection(ExtensibilityGlobals) = postSolution
		SolutionGuid = {BE5EE29A-14B0-4483-9202-71973BDE2F81}
	EndGlobalSection
EndGlobal
